
Microsoft Visual Studio Solution File, Format Version 12.00
# Visual Studio Version 17
VisualStudioVersion = 17.0.31903.59
MinimumVisualStudioVersion = 10.0.40219.1
Project("{2150E333-8FDC-42A3-9474-1A3956D46DE8}") = "src", "src", "{1C534D76-1B6D-46EA-9B80-3D16C7F3B2FB}"
EndProject
Project("{FAE04EC0-301F-11D3-BF4B-00C04F79EFBC}") = "AuctionService", "src\AuctionService\AuctionService.csproj", "{8BFDE449-DA46-4CA5-A96A-9BAB7E0BF1C7}"
EndProject
Project("{FAE04EC0-301F-11D3-BF4B-00C04F79EFBC}") = "SearchService", "src\SearchService\SearchService.csproj", "{C34441BF-3AB1-41A8-9BCB-92CA72600331}"
EndProject
Global
	GlobalSection(SolutionConfigurationPlatforms) = preSolution
		Debug|Any CPU = Debug|Any CPU
		Release|Any CPU = Release|Any CPU
	EndGlobalSection
	GlobalSection(SolutionProperties) = preSolution
		HideSolutionNode = FALSE
	EndGlobalSection
	GlobalSection(ProjectConfigurationPlatforms) = postSolution
		{8BFDE449-DA46-4CA5-A96A-9BAB7E0BF1C7}.Debug|Any CPU.ActiveCfg = Debug|Any CPU
		{8BFDE449-DA46-4CA5-A96A-9BAB7E0BF1C7}.Debug|Any CPU.Build.0 = Debug|Any CPU
		{8BFDE449-DA46-4CA5-A96A-9BAB7E0BF1C7}.Release|Any CPU.ActiveCfg = Release|Any CPU
		{8BFDE449-DA46-4CA5-A96A-9BAB7E0BF1C7}.Release|Any CPU.Build.0 = Release|Any CPU
		{C34441BF-3AB1-41A8-9BCB-92CA72600331}.Debug|Any CPU.ActiveCfg = Debug|Any CPU
		{C34441BF-3AB1-41A8-9BCB-92CA72600331}.Debug|Any CPU.Build.0 = Debug|Any CPU
		{C34441BF-3AB1-41A8-9BCB-92CA72600331}.Release|Any CPU.ActiveCfg = Release|Any CPU
		{C34441BF-3AB1-41A8-9BCB-92CA72600331}.Release|Any CPU.Build.0 = Release|Any CPU
	EndGlobalSection
	GlobalSection(NestedProjects) = preSolution
		{8BFDE449-DA46-4CA5-A96A-9BAB7E0BF1C7} = {1C534D76-1B6D-46EA-9B80-3D16C7F3B2FB}
		{C34441BF-3AB1-41A8-9BCB-92CA72600331} = {1C534D76-1B6D-46EA-9B80-3D16C7F3B2FB}
	EndGlobalSection
EndGlobal
